
Microsoft Visual Studio Solution File, Format Version 12.00
# Visual Studio Version 17
VisualStudioVersion = 17.7.34202.233
MinimumVisualStudioVersion = 10.0.40219.1
Project("{FAE04EC0-301F-11D3-BF4B-00C04F79EFBC}") = "Regra_de_Cramer", "Regra_de_Cramer\Regra_de_Cramer.csproj", "{5E02FDCD-B77A-44D7-96E7-3652D8B2314F}"
EndProject
Global
	GlobalSection(SolutionConfigurationPlatforms) = preSolution
		Debug|Any CPU = Debug|Any CPU
		Release|Any CPU = Release|Any CPU
	EndGlobalSection
	GlobalSection(ProjectConfigurationPlatforms) = postSolution
		{5E02FDCD-B77A-44D7-96E7-3652D8B2314F}.Debug|Any CPU.ActiveCfg = Debug|Any CPU
		{5E02FDCD-B77A-44D7-96E7-3652D8B2314F}.Debug|Any CPU.Build.0 = Debug|Any CPU
		{5E02FDCD-B77A-44D7-96E7-3652D8B2314F}.Release|Any CPU.ActiveCfg = Release|Any CPU
		{5E02FDCD-B77A-44D7-96E7-3652D8B2314F}.Release|Any CPU.Build.0 = Release|Any CPU
	EndGlobalSection
	GlobalSection(SolutionProperties) = preSolution
		HideSolutionNode = FALSE
	EndGlobalSection
	GlobalSection(ExtensibilityGlobals) = postSolution
		SolutionGuid = {B579DF0C-EDFA-4974-96FF-1A27A5C622E8}
	EndGlobalSection
EndGlobal
